
Microsoft Visual Studio Solution File, Format Version 12.00
# Visual Studio Version 17
VisualStudioVersion = 17.8.34316.72
MinimumVisualStudioVersion = 10.0.40219.1
Project("{FAE04EC0-301F-11D3-BF4B-00C04F79EFBC}") = "WpfApp1", "WpfApp1\WpfApp1.csproj", "{02C9F402-5285-4EF0-9C0B-B2561582F48D}"
EndProject
Global
	GlobalSection(SolutionConfigurationPlatforms) = preSolution
		Debug|Any CPU = Debug|Any CPU
		Release|Any CPU = Release|Any CPU
	EndGlobalSection
	GlobalSection(ProjectConfigurationPlatforms) = postSolution
		{02C9F402-5285-4EF0-9C0B-B2561582F48D}.Debug|Any CPU.ActiveCfg = Debug|Any CPU
		{02C9F402-5285-4EF0-9C0B-B2561582F48D}.Debug|Any CPU.Build.0 = Debug|Any CPU
		{02C9F402-5285-4EF0-9C0B-B2561582F48D}.Release|Any CPU.ActiveCfg = Release|Any CPU
		{02C9F402-5285-4EF0-9C0B-B2561582F48D}.Release|Any CPU.Build.0 = Release|Any CPU
	EndGlobalSection
	GlobalSection(SolutionProperties) = preSolution
		HideSolutionNode = FALSE
	EndGlobalSection
	GlobalSection(ExtensibilityGlobals) = postSolution
		SolutionGuid = {CA3F67B5-2E2E-418D-808A-B849E71D8502}
	EndGlobalSection
EndGlobal
